// !$*UTF8*$!
{
	archiveVersion = 1;
	classes = {
	};
	objectVersion = 55;
	objects = {

/* Begin PBXBuildFile section */
		3FF7CB1D28326CEA000FEC32 /* AnotherFraction.m in Sources */ = {isa = PBXBuildFile; fileRef = 3FF7CB1C28326CEA000FEC32 /* AnotherFraction.m */; };
		3FF7CB2128326E88000FEC32 /* AnotherFraction+MathOps.m in Sources */ = {isa = PBXBuildFile; fileRef = 3FF7CB2028326E88000FEC32 /* AnotherFraction+MathOps.m */; };
		90AB831A2823D4B50058D513 /* main.m in Sources */ = {isa = PBXBuildFile; fileRef = 90AB83192823D4B50058D513 /* main.m */; };
/* End PBXBuildFile section */

/* Begin PBXCopyFilesBuildPhase section */
		90AB83142823D4B50058D513 /* CopyFiles */ = {
			isa = PBXCopyFilesBuildPhase;
			buildActionMask = 2147483647;
			dstPath = /usr/share/man/man1/;
			dstSubfolderSpec = 0;
			files = (
			);
			runOnlyForDeploymentPostprocessing = 1;
		};
/* End PBXCopyFilesBuildPhase section */

/* Begin PBXFileReference section */
		3FF7CB1B28326CEA000FEC32 /* AnotherFraction.h */ = {isa = PBXFileReference; lastKnownFileType = sourcecode.c.h; path = AnotherFraction.h; sourceTree = "<group>"; };
		3FF7CB1C28326CEA000FEC32 /* AnotherFraction.m */ = {isa = PBXFileReference; lastKnownFileType = sourcecode.c.objc; path = AnotherFraction.m; sourceTree = "<group>"; };
		3FF7CB1F28326E6F000FEC32 /* AnotherFraction+MathOps.h */ = {isa = PBXFileReference; lastKnownFileType = sourcecode.c.h; path = "AnotherFraction+MathOps.h"; sourceTree = "<group>"; };
		3FF7CB2028326E88000FEC32 /* AnotherFraction+MathOps.m */ = {isa = PBXFileReference; lastKnownFileType = sourcecode.c.objc; path = "AnotherFraction+MathOps.m"; sourceTree = "<group>"; };
		90AB83162823D4B50058D513 /* 10Categories&Protocols */ = {isa = PBXFileReference; explicitFileType = "compiled.mach-o.executable"; includeInIndex = 0; path = "10Categories&Protocols"; sourceTree = BUILT_PRODUCTS_DIR; };
		90AB83192823D4B50058D513 /* main.m */ = {isa = PBXFileReference; lastKnownFileType = sourcecode.c.objc; path = main.m; sourceTree = "<group>"; };
/* End PBXFileReference section */

/* Begin PBXFrameworksBuildPhase section */
		90AB83132823D4B50058D513 /* Frameworks */ = {
			isa = PBXFrameworksBuildPhase;
			buildActionMask = 2147483647;
			files = (
			);
			runOnlyForDeploymentPostprocessing = 0;
		};
/* End PBXFrameworksBuildPhase section */

/* Begin PBXGroup section */
		3FF7CB22283270AB000FEC32 /* AnotherFraction */ = {
			isa = PBXGroup;
			children = (
				3FF7CB1B28326CEA000FEC32 /* AnotherFraction.h */,
				3FF7CB1C28326CEA000FEC32 /* AnotherFraction.m */,
				3FF7CB1F28326E6F000FEC32 /* AnotherFraction+MathOps.h */,
				3FF7CB2028326E88000FEC32 /* AnotherFraction+MathOps.m */,
			);
			path = AnotherFraction;
			sourceTree = "<group>";
		};
		90AB830D2823D4B50058D513 = {
			isa = PBXGroup;
			children = (
				90AB83182823D4B50058D513 /* 10Categories&Protocols */,
				90AB83172823D4B50058D513 /* Products */,
			);
			sourceTree = "<group>";
		};
		90AB83172823D4B50058D513 /* Products */ = {
			isa = PBXGroup;
			children = (
				90AB83162823D4B50058D513 /* 10Categories&Protocols */,
			);
			name = Products;
			sourceTree = "<group>";
		};
		90AB83182823D4B50058D513 /* 10Categories&Protocols */ = {
			isa = PBXGroup;
			children = (
				90AB83192823D4B50058D513 /* main.m */,
				3FF7CB22283270AB000FEC32 /* AnotherFraction */,
			);
			path = "10Categories&Protocols";
			sourceTree = "<group>";
		};
/* End PBXGroup section */

/* Begin PBXNativeTarget section */
		90AB83152823D4B50058D513 /* 10Categories&Protocols */ = {
			isa = PBXNativeTarget;
			buildConfigurationList = 90AB831D2823D4B50058D513 /* Build configuration list for PBXNativeTarget "10Categories&Protocols" */;
			buildPhases = (
				90AB83122823D4B50058D513 /* Sources */,
				90AB83132823D4B50058D513 /* Frameworks */,
				90AB83142823D4B50058D513 /* CopyFiles */,
			);
			buildRules = (
			);
			dependencies = (
			);
			name = "10Categories&Protocols";
			productName = "10Categories&Protocols";
			productReference = 90AB83162823D4B50058D513 /* 10Categories&Protocols */;
			productType = "com.apple.product-type.tool";
		};
/* End PBXNativeTarget section */

/* Begin PBXProject section */
		90AB830E2823D4B50058D513 /* Project object */ = {
			isa = PBXProject;
			attributes = {
				BuildIndependentTargetsInParallel = 1;
				LastUpgradeCheck = 1330;
				TargetAttributes = {
					90AB83152823D4B50058D513 = {
						CreatedOnToolsVersion = 13.3;
					};
				};
			};
			buildConfigurationList = 90AB83112823D4B50058D513 /* Build configuration list for PBXProject "10Categories&Protocols" */;
			compatibilityVersion = "Xcode 13.0";
			developmentRegion = en;
			hasScannedForEncodings = 0;
			knownRegions = (
				en,
				Base,
			);
			mainGroup = 90AB830D2823D4B50058D513;
			productRefGroup = 90AB83172823D4B50058D513 /* Products */;
			projectDirPath = "";
			projectRoot = "";
			targets = (
				90AB83152823D4B50058D513 /* 10Categories&Protocols */,
			);
		};
/* End PBXProject section */

/* Begin PBXSourcesBuildPhase section */
		90AB83122823D4B50058D513 /* Sources */ = {
			isa = PBXSourcesBuildPhase;
			buildActionMask = 2147483647;
			files = (
				90AB831A2823D4B50058D513 /* main.m in Sources */,
				3FF7CB1D28326CEA000FEC32 /* AnotherFraction.m in Sources */,
				3FF7CB2128326E88000FEC32 /* AnotherFraction+MathOps.m in Sources */,
			);
			runOnlyForDeploymentPostprocessing = 0;
		};
/* End PBXSourcesBuildPhase section */

/* Begin XCBuildConfiguration section */
		90AB831B2823D4B50058D513 /* Debug */ = {
			isa = XCBuildConfiguration;
			buildSettings = {
				ALWAYS_SEARCH_USER_PATHS = NO;
				CLANG_ANALYZER_NONNULL = YES;
				CLANG_ANALYZER_NUMBER_OBJECT_CONVERSION = YES_AGGRESSIVE;
				CLANG_CXX_LANGUAGE_STANDARD = "gnu++17";
				CLANG_ENABLE_MODULES = YES;
				CLANG_ENABLE_OBJC_ARC = YES;
				CLANG_ENABLE_OBJC_WEAK = YES;
				CLANG_WARN_BLOCK_CAPTURE_AUTORELEASING = YES;
				CLANG_WARN_BOOL_CONVERSION = YES;
				CLANG_WARN_COMMA = YES;
				CLANG_WARN_CONSTANT_CONVERSION = YES;
				CLANG_WARN_DEPRECATED_OBJC_IMPLEMENTATIONS = YES;
				CLANG_WARN_DIRECT_OBJC_ISA_USAGE = YES_ERROR;
				CLANG_WARN_DOCUMENTATION_COMMENTS = YES;
				CLANG_WARN_EMPTY_BODY = YES;
				CLANG_WARN_ENUM_CONVERSION = YES;
				CLANG_WARN_INFINITE_RECURSION = YES;
				CLANG_WARN_INT_CONVERSION = YES;
				CLANG_WARN_NON_LITERAL_NULL_CONVERSION = YES;
				CLANG_WARN_OBJC_IMPLICIT_RETAIN_SELF = YES;
				CLANG_WARN_OBJC_LITERAL_CONVERSION = YES;
				CLANG_WARN_OBJC_ROOT_CLASS = YES_ERROR;
				CLANG_WARN_QUOTED_INCLUDE_IN_FRAMEWORK_HEADER = YES;
				CLANG_WARN_RANGE_LOOP_ANALYSIS = YES;
				CLANG_WARN_STRICT_PROTOTYPES = YES;
				CLANG_WARN_SUSPICIOUS_MOVE = YES;
				CLANG_WARN_UNGUARDED_AVAILABILITY = YES_AGGRESSIVE;
				CLANG_WARN_UNREACHABLE_CODE = YES;
				CLANG_WARN__DUPLICATE_METHOD_MATCH = YES;
				COPY_PHASE_STRIP = NO;
				DEBUG_INFORMATION_FORMAT = dwarf;
				ENABLE_STRICT_OBJC_MSGSEND = YES;
				ENABLE_TESTABILITY = YES;
				GCC_C_LANGUAGE_STANDARD = gnu11;
				GCC_DYNAMIC_NO_PIC = NO;
				GCC_NO_COMMON_BLOCKS = YES;
				GCC_OPTIMIZATION_LEVEL = 0;
				GCC_PREPROCESSOR_DEFINITIONS = (
					"DEBUG=1",
					"$(inherited)",
				);
				GCC_WARN_64_TO_32_BIT_CONVERSION = YES;
				GCC_WARN_ABOUT_RETURN_TYPE = YES_ERROR;
				GCC_WARN_UNDECLARED_SELECTOR = YES;
				GCC_WARN_UNINITIALIZED_AUTOS = YES_AGGRESSIVE;
				GCC_WARN_UNUSED_FUNCTION = YES;
				GCC_WARN_UNUSED_VARIABLE = YES;
				MACOSX_DEPLOYMENT_TARGET = 12.0;
				MTL_ENABLE_DEBUG_INFO = INCLUDE_SOURCE;
				MTL_FAST_MATH = YES;
				ONLY_ACTIVE_ARCH = YES;
				SDKROOT = macosx;
			};
			name = Debug;
		};
		90AB831C2823D4B50058D513 /* Release */ = {
			isa = XCBuildConfiguration;
			buildSettings = {
				ALWAYS_SEARCH_USER_PATHS = NO;
				CLANG_ANALYZER_NONNULL = YES;
				CLANG_ANALYZER_NUMBER_OBJECT_CONVERSION = YES_AGGRESSIVE;
				CLANG_CXX_LANGUAGE_STANDARD = "gnu++17";
				CLANG_ENABLE_MODULES = YES;
				CLANG_ENABLE_OBJC_ARC = YES;
				CLANG_ENABLE_OBJC_WEAK = YES;
				CLANG_WARN_BLOCK_CAPTURE_AUTORELEASING = YES;
				CLANG_WARN_BOOL_CONVERSION = YES;
				CLANG_WARN_COMMA = YES;
				CLANG_WARN_CONSTANT_CONVERSION = YES;
				CLANG_WARN_DEPRECATED_OBJC_IMPLEMENTATIONS = YES;
				CLANG_WARN_DIRECT_OBJC_ISA_USAGE = YES_ERROR;
				CLANG_WARN_DOCUMENTATION_COMMENTS = YES;
				CLANG_WARN_EMPTY_BODY = YES;
				CLANG_WARN_ENUM_CONVERSION = YES;
				CLANG_WARN_INFINITE_RECURSION = YES;
				CLANG_WARN_INT_CONVERSION = YES;
				CLANG_WARN_NON_LITERAL_NULL_CONVERSION = YES;
				CLANG_WARN_OBJC_IMPLICIT_RETAIN_SELF = YES;
				CLANG_WARN_OBJC_LITERAL_CONVERSION = YES;
				CLANG_WARN_OBJC_ROOT_CLASS = YES_ERROR;
				CLANG_WARN_QUOTED_INCLUDE_IN_FRAMEWORK_HEADER = YES;
				CLANG_WARN_RANGE_LOOP_ANALYSIS = YES;
				CLANG_WARN_STRICT_PROTOTYPES = YES;
				CLANG_WARN_SUSPICIOUS_MOVE = YES;
				CLANG_WARN_UNGUARDED_AVAILABILITY = YES_AGGRESSIVE;
				CLANG_WARN_UNREACHABLE_CODE = YES;
				CLANG_WARN__DUPLICATE_METHOD_MATCH = YES;
				COPY_PHASE_STRIP = NO;
				DEBUG_INFORMATION_FORMAT = "dwarf-with-dsym";
				ENABLE_NS_ASSERTIONS = NO;
				ENABLE_STRICT_OBJC_MSGSEND = YES;
				GCC_C_LANGUAGE_STANDARD = gnu11;
				GCC_NO_COMMON_BLOCKS = YES;
				GCC_WARN_64_TO_32_BIT_CONVERSION = YES;
				GCC_WARN_ABOUT_RETURN_TYPE = YES_ERROR;
				GCC_WARN_UNDECLARED_SELECTOR = YES;
				GCC_WARN_UNINITIALIZED_AUTOS = YES_AGGRESSIVE;
				GCC_WARN_UNUSED_FUNCTION = YES;
				GCC_WARN_UNUSED_VARIABLE = YES;
				MACOSX_DEPLOYMENT_TARGET = 12.0;
				MTL_ENABLE_DEBUG_INFO = NO;
				MTL_FAST_MATH = YES;
				SDKROOT = macosx;
			};
			name = Release;
		};
		90AB831E2823D4B50058D513 /* Debug */ = {
			isa = XCBuildConfiguration;
			buildSettings = {
				CODE_SIGN_STYLE = Automatic;
				PRODUCT_NAME = "$(TARGET_NAME)";
			};
			name = Debug;
		};
		90AB831F2823D4B50058D513 /* Release */ = {
			isa = XCBuildConfiguration;
			buildSettings = {
				CODE_SIGN_STYLE = Automatic;
				PRODUCT_NAME = "$(TARGET_NAME)";
			};
			name = Release;
		};
/* End XCBuildConfiguration section */

/* Begin XCConfigurationList section */
		90AB83112823D4B50058D513 /* Build configuration list for PBXProject "10Categories&Protocols" */ = {
			isa = XCConfigurationList;
			buildConfigurations = (
				90AB831B2823D4B50058D513 /* Debug */,
				90AB831C2823D4B50058D513 /* Release */,
			);
			defaultConfigurationIsVisible = 0;
			defaultConfigurationName = Release;
		};
		90AB831D2823D4B50058D513 /* Build configuration list for PBXNativeTarget "10Categories&Protocols" */ = {
			isa = XCConfigurationList;
			buildConfigurations = (
				90AB831E2823D4B50058D513 /* Debug */,
				90AB831F2823D4B50058D513 /* Release */,
			);
			defaultConfigurationIsVisible = 0;
			defaultConfigurationName = Release;
		};
/* End XCConfigurationList section */
	};
	rootObject = 90AB830E2823D4B50058D513 /* Project object */;
}
