// !$*UTF8*$!
{
	archiveVersion = 1;
	classes = {
	};
	objectVersion = 55;
	objects = {

/* Begin PBXBuildFile section */
		3F5EA0FF27F79C8D00E4376C /* main.m in Sources */ = {isa = PBXBuildFile; fileRef = 3F5EA0FE27F79C8D00E4376C /* main.m */; };
		3F5EA10727F856E400E4376C /* FractionManager.m in Sources */ = {isa = PBXBuildFile; fileRef = 3F5EA10627F856E400E4376C /* FractionManager.m */; };
		3F5EA10B27F8B09800E4376C /* Teapot.m in Sources */ = {isa = PBXBuildFile; fileRef = 3F5EA10A27F8B09800E4376C /* Teapot.m */; };
		3F5EA10F27FA228800E4376C /* XYPoint.m in Sources */ = {isa = PBXBuildFile; fileRef = 3F5EA10E27FA228800E4376C /* XYPoint.m */; };
/* End PBXBuildFile section */

/* Begin PBXCopyFilesBuildPhase section */
		3F5EA0F927F79C8D00E4376C /* CopyFiles */ = {
			isa = PBXCopyFilesBuildPhase;
			buildActionMask = 2147483647;
			dstPath = /usr/share/man/man1/;
			dstSubfolderSpec = 0;
			files = (
			);
			runOnlyForDeploymentPostprocessing = 1;
		};
/* End PBXCopyFilesBuildPhase section */

/* Begin PBXFileReference section */
		3F5EA0FB27F79C8D00E4376C /* 2OOP */ = {isa = PBXFileReference; explicitFileType = "compiled.mach-o.executable"; includeInIndex = 0; path = 2OOP; sourceTree = BUILT_PRODUCTS_DIR; };
		3F5EA0FE27F79C8D00E4376C /* main.m */ = {isa = PBXFileReference; lastKnownFileType = sourcecode.c.objc; path = main.m; sourceTree = "<group>"; };
		3F5EA10527F79D6500E4376C /* FractionManager.h */ = {isa = PBXFileReference; lastKnownFileType = sourcecode.c.h; path = FractionManager.h; sourceTree = "<group>"; };
		3F5EA10627F856E400E4376C /* FractionManager.m */ = {isa = PBXFileReference; lastKnownFileType = sourcecode.c.objc; path = FractionManager.m; sourceTree = "<group>"; };
		3F5EA10927F8B02E00E4376C /* Teapot.h */ = {isa = PBXFileReference; lastKnownFileType = sourcecode.c.h; path = Teapot.h; sourceTree = "<group>"; };
		3F5EA10A27F8B09800E4376C /* Teapot.m */ = {isa = PBXFileReference; lastKnownFileType = sourcecode.c.objc; path = Teapot.m; sourceTree = "<group>"; };
		3F5EA10D27FA20F200E4376C /* XYPoint.h */ = {isa = PBXFileReference; lastKnownFileType = sourcecode.c.h; path = XYPoint.h; sourceTree = "<group>"; };
		3F5EA10E27FA228800E4376C /* XYPoint.m */ = {isa = PBXFileReference; lastKnownFileType = sourcecode.c.objc; path = XYPoint.m; sourceTree = "<group>"; };
/* End PBXFileReference section */

/* Begin PBXFrameworksBuildPhase section */
		3F5EA0F827F79C8D00E4376C /* Frameworks */ = {
			isa = PBXFrameworksBuildPhase;
			buildActionMask = 2147483647;
			files = (
			);
			runOnlyForDeploymentPostprocessing = 0;
		};
/* End PBXFrameworksBuildPhase section */

/* Begin PBXGroup section */
		3F5EA0F227F79C8D00E4376C = {
			isa = PBXGroup;
			children = (
				3F5EA0FD27F79C8D00E4376C /* 2OOP */,
				3F5EA0FC27F79C8D00E4376C /* Products */,
			);
			sourceTree = "<group>";
		};
		3F5EA0FC27F79C8D00E4376C /* Products */ = {
			isa = PBXGroup;
			children = (
				3F5EA0FB27F79C8D00E4376C /* 2OOP */,
			);
			name = Products;
			sourceTree = "<group>";
		};
		3F5EA0FD27F79C8D00E4376C /* 2OOP */ = {
			isa = PBXGroup;
			children = (
				3F5EA0FE27F79C8D00E4376C /* main.m */,
				3F5EA10827F8573900E4376C /* Fraction */,
				3F5EA10C27F8B09B00E4376C /* Teapot */,
				3F5EA11027FA229900E4376C /* XYPoint */,
			);
			path = 2OOP;
			sourceTree = "<group>";
		};
		3F5EA10827F8573900E4376C /* Fraction */ = {
			isa = PBXGroup;
			children = (
				3F5EA10527F79D6500E4376C /* FractionManager.h */,
				3F5EA10627F856E400E4376C /* FractionManager.m */,
			);
			path = Fraction;
			sourceTree = "<group>";
		};
		3F5EA10C27F8B09B00E4376C /* Teapot */ = {
			isa = PBXGroup;
			children = (
				3F5EA10927F8B02E00E4376C /* Teapot.h */,
				3F5EA10A27F8B09800E4376C /* Teapot.m */,
			);
			path = Teapot;
			sourceTree = "<group>";
		};
		3F5EA11027FA229900E4376C /* XYPoint */ = {
			isa = PBXGroup;
			children = (
				3F5EA10D27FA20F200E4376C /* XYPoint.h */,
				3F5EA10E27FA228800E4376C /* XYPoint.m */,
			);
			path = XYPoint;
			sourceTree = "<group>";
		};
/* End PBXGroup section */

/* Begin PBXNativeTarget section */
		3F5EA0FA27F79C8D00E4376C /* 2OOP */ = {
			isa = PBXNativeTarget;
			buildConfigurationList = 3F5EA10227F79C8D00E4376C /* Build configuration list for PBXNativeTarget "2OOP" */;
			buildPhases = (
				3F5EA0F727F79C8D00E4376C /* Sources */,
				3F5EA0F827F79C8D00E4376C /* Frameworks */,
				3F5EA0F927F79C8D00E4376C /* CopyFiles */,
			);
			buildRules = (
			);
			dependencies = (
			);
			name = 2OOP;
			productName = 2OOP;
			productReference = 3F5EA0FB27F79C8D00E4376C /* 2OOP */;
			productType = "com.apple.product-type.tool";
		};
/* End PBXNativeTarget section */

/* Begin PBXProject section */
		3F5EA0F327F79C8D00E4376C /* Project object */ = {
			isa = PBXProject;
			attributes = {
				BuildIndependentTargetsInParallel = 1;
				LastUpgradeCheck = 1330;
				TargetAttributes = {
					3F5EA0FA27F79C8D00E4376C = {
						CreatedOnToolsVersion = 13.3;
					};
				};
			};
			buildConfigurationList = 3F5EA0F627F79C8D00E4376C /* Build configuration list for PBXProject "2OOP" */;
			compatibilityVersion = "Xcode 13.0";
			developmentRegion = en;
			hasScannedForEncodings = 0;
			knownRegions = (
				en,
				Base,
			);
			mainGroup = 3F5EA0F227F79C8D00E4376C;
			productRefGroup = 3F5EA0FC27F79C8D00E4376C /* Products */;
			projectDirPath = "";
			projectRoot = "";
			targets = (
				3F5EA0FA27F79C8D00E4376C /* 2OOP */,
			);
		};
/* End PBXProject section */

/* Begin PBXSourcesBuildPhase section */
		3F5EA0F727F79C8D00E4376C /* Sources */ = {
			isa = PBXSourcesBuildPhase;
			buildActionMask = 2147483647;
			files = (
				3F5EA10B27F8B09800E4376C /* Teapot.m in Sources */,
				3F5EA0FF27F79C8D00E4376C /* main.m in Sources */,
				3F5EA10727F856E400E4376C /* FractionManager.m in Sources */,
				3F5EA10F27FA228800E4376C /* XYPoint.m in Sources */,
			);
			runOnlyForDeploymentPostprocessing = 0;
		};
/* End PBXSourcesBuildPhase section */

/* Begin XCBuildConfiguration section */
		3F5EA10027F79C8D00E4376C /* Debug */ = {
			isa = XCBuildConfiguration;
			buildSettings = {
				ALWAYS_SEARCH_USER_PATHS = NO;
				CLANG_ANALYZER_NONNULL = YES;
				CLANG_ANALYZER_NUMBER_OBJECT_CONVERSION = YES_AGGRESSIVE;
				CLANG_CXX_LANGUAGE_STANDARD = "gnu++17";
				CLANG_ENABLE_MODULES = YES;
				CLANG_ENABLE_OBJC_ARC = YES;
				CLANG_ENABLE_OBJC_WEAK = YES;
				CLANG_WARN_BLOCK_CAPTURE_AUTORELEASING = YES;
				CLANG_WARN_BOOL_CONVERSION = YES;
				CLANG_WARN_COMMA = YES;
				CLANG_WARN_CONSTANT_CONVERSION = YES;
				CLANG_WARN_DEPRECATED_OBJC_IMPLEMENTATIONS = YES;
				CLANG_WARN_DIRECT_OBJC_ISA_USAGE = YES_ERROR;
				CLANG_WARN_DOCUMENTATION_COMMENTS = YES;
				CLANG_WARN_EMPTY_BODY = YES;
				CLANG_WARN_ENUM_CONVERSION = YES;
				CLANG_WARN_INFINITE_RECURSION = YES;
				CLANG_WARN_INT_CONVERSION = YES;
				CLANG_WARN_NON_LITERAL_NULL_CONVERSION = YES;
				CLANG_WARN_OBJC_IMPLICIT_RETAIN_SELF = YES;
				CLANG_WARN_OBJC_LITERAL_CONVERSION = YES;
				CLANG_WARN_OBJC_ROOT_CLASS = YES_ERROR;
				CLANG_WARN_QUOTED_INCLUDE_IN_FRAMEWORK_HEADER = YES;
				CLANG_WARN_RANGE_LOOP_ANALYSIS = YES;
				CLANG_WARN_STRICT_PROTOTYPES = YES;
				CLANG_WARN_SUSPICIOUS_MOVE = YES;
				CLANG_WARN_UNGUARDED_AVAILABILITY = YES_AGGRESSIVE;
				CLANG_WARN_UNREACHABLE_CODE = YES;
				CLANG_WARN__DUPLICATE_METHOD_MATCH = YES;
				COPY_PHASE_STRIP = NO;
				DEBUG_INFORMATION_FORMAT = dwarf;
				ENABLE_STRICT_OBJC_MSGSEND = YES;
				ENABLE_TESTABILITY = YES;
				GCC_C_LANGUAGE_STANDARD = gnu11;
				GCC_DYNAMIC_NO_PIC = NO;
				GCC_NO_COMMON_BLOCKS = YES;
				GCC_OPTIMIZATION_LEVEL = 0;
				GCC_PREPROCESSOR_DEFINITIONS = (
					"DEBUG=1",
					"$(inherited)",
				);
				GCC_WARN_64_TO_32_BIT_CONVERSION = YES;
				GCC_WARN_ABOUT_RETURN_TYPE = YES_ERROR;
				GCC_WARN_UNDECLARED_SELECTOR = YES;
				GCC_WARN_UNINITIALIZED_AUTOS = YES_AGGRESSIVE;
				GCC_WARN_UNUSED_FUNCTION = YES;
				GCC_WARN_UNUSED_VARIABLE = YES;
				MACOSX_DEPLOYMENT_TARGET = 12.2;
				MTL_ENABLE_DEBUG_INFO = INCLUDE_SOURCE;
				MTL_FAST_MATH = YES;
				ONLY_ACTIVE_ARCH = YES;
				SDKROOT = macosx;
			};
			name = Debug;
		};
		3F5EA10127F79C8D00E4376C /* Release */ = {
			isa = XCBuildConfiguration;
			buildSettings = {
				ALWAYS_SEARCH_USER_PATHS = NO;
				CLANG_ANALYZER_NONNULL = YES;
				CLANG_ANALYZER_NUMBER_OBJECT_CONVERSION = YES_AGGRESSIVE;
				CLANG_CXX_LANGUAGE_STANDARD = "gnu++17";
				CLANG_ENABLE_MODULES = YES;
				CLANG_ENABLE_OBJC_ARC = YES;
				CLANG_ENABLE_OBJC_WEAK = YES;
				CLANG_WARN_BLOCK_CAPTURE_AUTORELEASING = YES;
				CLANG_WARN_BOOL_CONVERSION = YES;
				CLANG_WARN_COMMA = YES;
				CLANG_WARN_CONSTANT_CONVERSION = YES;
				CLANG_WARN_DEPRECATED_OBJC_IMPLEMENTATIONS = YES;
				CLANG_WARN_DIRECT_OBJC_ISA_USAGE = YES_ERROR;
				CLANG_WARN_DOCUMENTATION_COMMENTS = YES;
				CLANG_WARN_EMPTY_BODY = YES;
				CLANG_WARN_ENUM_CONVERSION = YES;
				CLANG_WARN_INFINITE_RECURSION = YES;
				CLANG_WARN_INT_CONVERSION = YES;
				CLANG_WARN_NON_LITERAL_NULL_CONVERSION = YES;
				CLANG_WARN_OBJC_IMPLICIT_RETAIN_SELF = YES;
				CLANG_WARN_OBJC_LITERAL_CONVERSION = YES;
				CLANG_WARN_OBJC_ROOT_CLASS = YES_ERROR;
				CLANG_WARN_QUOTED_INCLUDE_IN_FRAMEWORK_HEADER = YES;
				CLANG_WARN_RANGE_LOOP_ANALYSIS = YES;
				CLANG_WARN_STRICT_PROTOTYPES = YES;
				CLANG_WARN_SUSPICIOUS_MOVE = YES;
				CLANG_WARN_UNGUARDED_AVAILABILITY = YES_AGGRESSIVE;
				CLANG_WARN_UNREACHABLE_CODE = YES;
				CLANG_WARN__DUPLICATE_METHOD_MATCH = YES;
				COPY_PHASE_STRIP = NO;
				DEBUG_INFORMATION_FORMAT = "dwarf-with-dsym";
				ENABLE_NS_ASSERTIONS = NO;
				ENABLE_STRICT_OBJC_MSGSEND = YES;
				GCC_C_LANGUAGE_STANDARD = gnu11;
				GCC_NO_COMMON_BLOCKS = YES;
				GCC_WARN_64_TO_32_BIT_CONVERSION = YES;
				GCC_WARN_ABOUT_RETURN_TYPE = YES_ERROR;
				GCC_WARN_UNDECLARED_SELECTOR = YES;
				GCC_WARN_UNINITIALIZED_AUTOS = YES_AGGRESSIVE;
				GCC_WARN_UNUSED_FUNCTION = YES;
				GCC_WARN_UNUSED_VARIABLE = YES;
				MACOSX_DEPLOYMENT_TARGET = 12.2;
				MTL_ENABLE_DEBUG_INFO = NO;
				MTL_FAST_MATH = YES;
				SDKROOT = macosx;
			};
			name = Release;
		};
		3F5EA10327F79C8D00E4376C /* Debug */ = {
			isa = XCBuildConfiguration;
			buildSettings = {
				CODE_SIGN_IDENTITY = "-";
				CODE_SIGN_STYLE = Automatic;
				DEVELOPMENT_TEAM = FH9R39U9P3;
				ENABLE_HARDENED_RUNTIME = YES;
				PRODUCT_NAME = "$(TARGET_NAME)";
			};
			name = Debug;
		};
		3F5EA10427F79C8D00E4376C /* Release */ = {
			isa = XCBuildConfiguration;
			buildSettings = {
				CODE_SIGN_IDENTITY = "-";
				CODE_SIGN_STYLE = Automatic;
				DEVELOPMENT_TEAM = FH9R39U9P3;
				ENABLE_HARDENED_RUNTIME = YES;
				PRODUCT_NAME = "$(TARGET_NAME)";
			};
			name = Release;
		};
/* End XCBuildConfiguration section */

/* Begin XCConfigurationList section */
		3F5EA0F627F79C8D00E4376C /* Build configuration list for PBXProject "2OOP" */ = {
			isa = XCConfigurationList;
			buildConfigurations = (
				3F5EA10027F79C8D00E4376C /* Debug */,
				3F5EA10127F79C8D00E4376C /* Release */,
			);
			defaultConfigurationIsVisible = 0;
			defaultConfigurationName = Release;
		};
		3F5EA10227F79C8D00E4376C /* Build configuration list for PBXNativeTarget "2OOP" */ = {
			isa = XCConfigurationList;
			buildConfigurations = (
				3F5EA10327F79C8D00E4376C /* Debug */,
				3F5EA10427F79C8D00E4376C /* Release */,
			);
			defaultConfigurationIsVisible = 0;
			defaultConfigurationName = Release;
		};
/* End XCConfigurationList section */
	};
	rootObject = 3F5EA0F327F79C8D00E4376C /* Project object */;
}
