// !$*UTF8*$!
{
	archiveVersion = 1;
	classes = {
	};
	objectVersion = 55;
	objects = {

/* Begin PBXBuildFile section */
		903979242808111D00B9EFB2 /* main.m in Sources */ = {isa = PBXBuildFile; fileRef = 903979232808111D00B9EFB2 /* main.m */; };
		9039792E2808118E00B9EFB2 /* TriangularCalc.m in Sources */ = {isa = PBXBuildFile; fileRef = 9039792D2808118E00B9EFB2 /* TriangularCalc.m */; };
		90397931280837EC00B9EFB2 /* GCDFinder.m in Sources */ = {isa = PBXBuildFile; fileRef = 90397930280837EC00B9EFB2 /* GCDFinder.m */; };
		9039793728095C0500B9EFB2 /* Exercises.m in Sources */ = {isa = PBXBuildFile; fileRef = 9039793628095C0500B9EFB2 /* Exercises.m */; };
/* End PBXBuildFile section */

/* Begin PBXCopyFilesBuildPhase section */
		9039791E2808111D00B9EFB2 /* CopyFiles */ = {
			isa = PBXCopyFilesBuildPhase;
			buildActionMask = 2147483647;
			dstPath = /usr/share/man/man1/;
			dstSubfolderSpec = 0;
			files = (
			);
			runOnlyForDeploymentPostprocessing = 1;
		};
/* End PBXCopyFilesBuildPhase section */

/* Begin PBXFileReference section */
		903979202808111D00B9EFB2 /* 4Looping */ = {isa = PBXFileReference; explicitFileType = "compiled.mach-o.executable"; includeInIndex = 0; path = 4Looping; sourceTree = BUILT_PRODUCTS_DIR; };
		903979232808111D00B9EFB2 /* main.m */ = {isa = PBXFileReference; lastKnownFileType = sourcecode.c.objc; path = main.m; sourceTree = "<group>"; };
		9039792C2808117600B9EFB2 /* TriangularCalc.h */ = {isa = PBXFileReference; lastKnownFileType = sourcecode.c.h; path = TriangularCalc.h; sourceTree = "<group>"; };
		9039792D2808118E00B9EFB2 /* TriangularCalc.m */ = {isa = PBXFileReference; lastKnownFileType = sourcecode.c.objc; path = TriangularCalc.m; sourceTree = "<group>"; };
		9039792F2808372900B9EFB2 /* GCDFinder.h */ = {isa = PBXFileReference; lastKnownFileType = sourcecode.c.h; path = GCDFinder.h; sourceTree = "<group>"; };
		90397930280837EC00B9EFB2 /* GCDFinder.m */ = {isa = PBXFileReference; lastKnownFileType = sourcecode.c.objc; path = GCDFinder.m; sourceTree = "<group>"; };
		9039793528095C0400B9EFB2 /* Exercises.h */ = {isa = PBXFileReference; fileEncoding = 4; lastKnownFileType = sourcecode.c.h; path = Exercises.h; sourceTree = "<group>"; };
		9039793628095C0500B9EFB2 /* Exercises.m */ = {isa = PBXFileReference; fileEncoding = 4; lastKnownFileType = sourcecode.c.objc; path = Exercises.m; sourceTree = "<group>"; };
/* End PBXFileReference section */

/* Begin PBXFrameworksBuildPhase section */
		9039791D2808111D00B9EFB2 /* Frameworks */ = {
			isa = PBXFrameworksBuildPhase;
			buildActionMask = 2147483647;
			files = (
			);
			runOnlyForDeploymentPostprocessing = 0;
		};
/* End PBXFrameworksBuildPhase section */

/* Begin PBXGroup section */
		903979172808111D00B9EFB2 = {
			isa = PBXGroup;
			children = (
				903979222808111D00B9EFB2 /* 4Looping */,
				903979212808111D00B9EFB2 /* Products */,
			);
			sourceTree = "<group>";
		};
		903979212808111D00B9EFB2 /* Products */ = {
			isa = PBXGroup;
			children = (
				903979202808111D00B9EFB2 /* 4Looping */,
			);
			name = Products;
			sourceTree = "<group>";
		};
		903979222808111D00B9EFB2 /* 4Looping */ = {
			isa = PBXGroup;
			children = (
				903979232808111D00B9EFB2 /* main.m */,
				9039793A28095EEC00B9EFB2 /* Ecercises */,
				9039793928095C2E00B9EFB2 /* GCDFinder */,
				9039793828095C2500B9EFB2 /* TriangularCalc */,
			);
			path = 4Looping;
			sourceTree = "<group>";
		};
		9039793828095C2500B9EFB2 /* TriangularCalc */ = {
			isa = PBXGroup;
			children = (
				9039792C2808117600B9EFB2 /* TriangularCalc.h */,
				9039792D2808118E00B9EFB2 /* TriangularCalc.m */,
			);
			path = TriangularCalc;
			sourceTree = "<group>";
		};
		9039793928095C2E00B9EFB2 /* GCDFinder */ = {
			isa = PBXGroup;
			children = (
				9039792F2808372900B9EFB2 /* GCDFinder.h */,
				90397930280837EC00B9EFB2 /* GCDFinder.m */,
			);
			path = GCDFinder;
			sourceTree = "<group>";
		};
		9039793A28095EEC00B9EFB2 /* Ecercises */ = {
			isa = PBXGroup;
			children = (
				9039793528095C0400B9EFB2 /* Exercises.h */,
				9039793628095C0500B9EFB2 /* Exercises.m */,
			);
			path = Ecercises;
			sourceTree = "<group>";
		};
/* End PBXGroup section */

/* Begin PBXNativeTarget section */
		9039791F2808111D00B9EFB2 /* 4Looping */ = {
			isa = PBXNativeTarget;
			buildConfigurationList = 903979272808111D00B9EFB2 /* Build configuration list for PBXNativeTarget "4Looping" */;
			buildPhases = (
				9039791C2808111D00B9EFB2 /* Sources */,
				9039791D2808111D00B9EFB2 /* Frameworks */,
				9039791E2808111D00B9EFB2 /* CopyFiles */,
			);
			buildRules = (
			);
			dependencies = (
			);
			name = 4Looping;
			productName = 4Looping;
			productReference = 903979202808111D00B9EFB2 /* 4Looping */;
			productType = "com.apple.product-type.tool";
		};
/* End PBXNativeTarget section */

/* Begin PBXProject section */
		903979182808111D00B9EFB2 /* Project object */ = {
			isa = PBXProject;
			attributes = {
				BuildIndependentTargetsInParallel = 1;
				LastUpgradeCheck = 1330;
				TargetAttributes = {
					9039791F2808111D00B9EFB2 = {
						CreatedOnToolsVersion = 13.3;
					};
				};
			};
			buildConfigurationList = 9039791B2808111D00B9EFB2 /* Build configuration list for PBXProject "4Looping" */;
			compatibilityVersion = "Xcode 13.0";
			developmentRegion = en;
			hasScannedForEncodings = 0;
			knownRegions = (
				en,
				Base,
			);
			mainGroup = 903979172808111D00B9EFB2;
			productRefGroup = 903979212808111D00B9EFB2 /* Products */;
			projectDirPath = "";
			projectRoot = "";
			targets = (
				9039791F2808111D00B9EFB2 /* 4Looping */,
			);
		};
/* End PBXProject section */

/* Begin PBXSourcesBuildPhase section */
		9039791C2808111D00B9EFB2 /* Sources */ = {
			isa = PBXSourcesBuildPhase;
			buildActionMask = 2147483647;
			files = (
				9039793728095C0500B9EFB2 /* Exercises.m in Sources */,
				903979242808111D00B9EFB2 /* main.m in Sources */,
				9039792E2808118E00B9EFB2 /* TriangularCalc.m in Sources */,
				90397931280837EC00B9EFB2 /* GCDFinder.m in Sources */,
			);
			runOnlyForDeploymentPostprocessing = 0;
		};
/* End PBXSourcesBuildPhase section */

/* Begin XCBuildConfiguration section */
		903979252808111D00B9EFB2 /* Debug */ = {
			isa = XCBuildConfiguration;
			buildSettings = {
				ALWAYS_SEARCH_USER_PATHS = NO;
				CLANG_ANALYZER_NONNULL = YES;
				CLANG_ANALYZER_NUMBER_OBJECT_CONVERSION = YES_AGGRESSIVE;
				CLANG_CXX_LANGUAGE_STANDARD = "gnu++17";
				CLANG_ENABLE_MODULES = YES;
				CLANG_ENABLE_OBJC_ARC = YES;
				CLANG_ENABLE_OBJC_WEAK = YES;
				CLANG_WARN_BLOCK_CAPTURE_AUTORELEASING = YES;
				CLANG_WARN_BOOL_CONVERSION = YES;
				CLANG_WARN_COMMA = YES;
				CLANG_WARN_CONSTANT_CONVERSION = YES;
				CLANG_WARN_DEPRECATED_OBJC_IMPLEMENTATIONS = YES;
				CLANG_WARN_DIRECT_OBJC_ISA_USAGE = YES_ERROR;
				CLANG_WARN_DOCUMENTATION_COMMENTS = YES;
				CLANG_WARN_EMPTY_BODY = YES;
				CLANG_WARN_ENUM_CONVERSION = YES;
				CLANG_WARN_INFINITE_RECURSION = YES;
				CLANG_WARN_INT_CONVERSION = YES;
				CLANG_WARN_NON_LITERAL_NULL_CONVERSION = YES;
				CLANG_WARN_OBJC_IMPLICIT_RETAIN_SELF = YES;
				CLANG_WARN_OBJC_LITERAL_CONVERSION = YES;
				CLANG_WARN_OBJC_ROOT_CLASS = YES_ERROR;
				CLANG_WARN_QUOTED_INCLUDE_IN_FRAMEWORK_HEADER = YES;
				CLANG_WARN_RANGE_LOOP_ANALYSIS = YES;
				CLANG_WARN_STRICT_PROTOTYPES = YES;
				CLANG_WARN_SUSPICIOUS_MOVE = YES;
				CLANG_WARN_UNGUARDED_AVAILABILITY = YES_AGGRESSIVE;
				CLANG_WARN_UNREACHABLE_CODE = YES;
				CLANG_WARN__DUPLICATE_METHOD_MATCH = YES;
				COPY_PHASE_STRIP = NO;
				DEBUG_INFORMATION_FORMAT = dwarf;
				ENABLE_STRICT_OBJC_MSGSEND = YES;
				ENABLE_TESTABILITY = YES;
				GCC_C_LANGUAGE_STANDARD = gnu11;
				GCC_DYNAMIC_NO_PIC = NO;
				GCC_NO_COMMON_BLOCKS = YES;
				GCC_OPTIMIZATION_LEVEL = 0;
				GCC_PREPROCESSOR_DEFINITIONS = (
					"DEBUG=1",
					"$(inherited)",
				);
				GCC_WARN_64_TO_32_BIT_CONVERSION = YES;
				GCC_WARN_ABOUT_RETURN_TYPE = YES_ERROR;
				GCC_WARN_UNDECLARED_SELECTOR = YES;
				GCC_WARN_UNINITIALIZED_AUTOS = YES_AGGRESSIVE;
				GCC_WARN_UNUSED_FUNCTION = YES;
				GCC_WARN_UNUSED_VARIABLE = YES;
				MACOSX_DEPLOYMENT_TARGET = 12.0;
				MTL_ENABLE_DEBUG_INFO = INCLUDE_SOURCE;
				MTL_FAST_MATH = YES;
				ONLY_ACTIVE_ARCH = YES;
				SDKROOT = macosx;
			};
			name = Debug;
		};
		903979262808111D00B9EFB2 /* Release */ = {
			isa = XCBuildConfiguration;
			buildSettings = {
				ALWAYS_SEARCH_USER_PATHS = NO;
				CLANG_ANALYZER_NONNULL = YES;
				CLANG_ANALYZER_NUMBER_OBJECT_CONVERSION = YES_AGGRESSIVE;
				CLANG_CXX_LANGUAGE_STANDARD = "gnu++17";
				CLANG_ENABLE_MODULES = YES;
				CLANG_ENABLE_OBJC_ARC = YES;
				CLANG_ENABLE_OBJC_WEAK = YES;
				CLANG_WARN_BLOCK_CAPTURE_AUTORELEASING = YES;
				CLANG_WARN_BOOL_CONVERSION = YES;
				CLANG_WARN_COMMA = YES;
				CLANG_WARN_CONSTANT_CONVERSION = YES;
				CLANG_WARN_DEPRECATED_OBJC_IMPLEMENTATIONS = YES;
				CLANG_WARN_DIRECT_OBJC_ISA_USAGE = YES_ERROR;
				CLANG_WARN_DOCUMENTATION_COMMENTS = YES;
				CLANG_WARN_EMPTY_BODY = YES;
				CLANG_WARN_ENUM_CONVERSION = YES;
				CLANG_WARN_INFINITE_RECURSION = YES;
				CLANG_WARN_INT_CONVERSION = YES;
				CLANG_WARN_NON_LITERAL_NULL_CONVERSION = YES;
				CLANG_WARN_OBJC_IMPLICIT_RETAIN_SELF = YES;
				CLANG_WARN_OBJC_LITERAL_CONVERSION = YES;
				CLANG_WARN_OBJC_ROOT_CLASS = YES_ERROR;
				CLANG_WARN_QUOTED_INCLUDE_IN_FRAMEWORK_HEADER = YES;
				CLANG_WARN_RANGE_LOOP_ANALYSIS = YES;
				CLANG_WARN_STRICT_PROTOTYPES = YES;
				CLANG_WARN_SUSPICIOUS_MOVE = YES;
				CLANG_WARN_UNGUARDED_AVAILABILITY = YES_AGGRESSIVE;
				CLANG_WARN_UNREACHABLE_CODE = YES;
				CLANG_WARN__DUPLICATE_METHOD_MATCH = YES;
				COPY_PHASE_STRIP = NO;
				DEBUG_INFORMATION_FORMAT = "dwarf-with-dsym";
				ENABLE_NS_ASSERTIONS = NO;
				ENABLE_STRICT_OBJC_MSGSEND = YES;
				GCC_C_LANGUAGE_STANDARD = gnu11;
				GCC_NO_COMMON_BLOCKS = YES;
				GCC_WARN_64_TO_32_BIT_CONVERSION = YES;
				GCC_WARN_ABOUT_RETURN_TYPE = YES_ERROR;
				GCC_WARN_UNDECLARED_SELECTOR = YES;
				GCC_WARN_UNINITIALIZED_AUTOS = YES_AGGRESSIVE;
				GCC_WARN_UNUSED_FUNCTION = YES;
				GCC_WARN_UNUSED_VARIABLE = YES;
				MACOSX_DEPLOYMENT_TARGET = 12.0;
				MTL_ENABLE_DEBUG_INFO = NO;
				MTL_FAST_MATH = YES;
				SDKROOT = macosx;
			};
			name = Release;
		};
		903979282808111D00B9EFB2 /* Debug */ = {
			isa = XCBuildConfiguration;
			buildSettings = {
				CODE_SIGN_STYLE = Automatic;
				PRODUCT_NAME = "$(TARGET_NAME)";
			};
			name = Debug;
		};
		903979292808111D00B9EFB2 /* Release */ = {
			isa = XCBuildConfiguration;
			buildSettings = {
				CODE_SIGN_STYLE = Automatic;
				PRODUCT_NAME = "$(TARGET_NAME)";
			};
			name = Release;
		};
/* End XCBuildConfiguration section */

/* Begin XCConfigurationList section */
		9039791B2808111D00B9EFB2 /* Build configuration list for PBXProject "4Looping" */ = {
			isa = XCConfigurationList;
			buildConfigurations = (
				903979252808111D00B9EFB2 /* Debug */,
				903979262808111D00B9EFB2 /* Release */,
			);
			defaultConfigurationIsVisible = 0;
			defaultConfigurationName = Release;
		};
		903979272808111D00B9EFB2 /* Build configuration list for PBXNativeTarget "4Looping" */ = {
			isa = XCConfigurationList;
			buildConfigurations = (
				903979282808111D00B9EFB2 /* Debug */,
				903979292808111D00B9EFB2 /* Release */,
			);
			defaultConfigurationIsVisible = 0;
			defaultConfigurationName = Release;
		};
/* End XCConfigurationList section */
	};
	rootObject = 903979182808111D00B9EFB2 /* Project object */;
}
